github.com/Lednerb/bilberry-hugo-theme/v4 v4.6.1 h1:IFDoN8jIAiWStaLcwGD7hdvoqZEa3kVZau5bN43mqzc=
github.com/Lednerb/bilberry-hugo-theme/v4 v4.6.1/go.mod h1:PhS2ifHzl6AS7CmyKYLygxpQmi3EPcD9DS/EXOFIoFo=
github.com/willfaught/paige v0.84.0 h1:5069yQPRcxN9gHp9SlQoLwQD/asHaD4Qnub2FMZWZEg=
github.com/willfaught/paige v0.84.0/go.mod h1:0Nt8ifl7UVYQIBaMtpZmg+BrQHHzFNqKcrBoA2Oo4/E=
